
Microsoft Visual Studio Solution File, Format Version 12.00
# Visual Studio Version 17
VisualStudioVersion = 17.9.34622.214
MinimumVisualStudioVersion = 10.0.40219.1
Project("{9A19103F-16F7-4668-BE54-9A1E7A4F7556}") = "CryptoCoinTracker.DataFetcher", "CryptoCoinTracker.DataFetcher\CryptoCoinTracker.DataFetcher.csproj", "{4A569199-BC99-40F9-AE63-8FFBEC75FD5C}"
EndProject
Project("{9A19103F-16F7-4668-BE54-9A1E7A4F7556}") = "CryptoCoinTracker.DataProcessor", "CryptoCoinTracker.DataProcessor\CryptoCoinTracker.DataProcessor.csproj", "{570DA916-2D94-4CB7-A485-120F522A471B}"
EndProject
Project("{FAE04EC0-301F-11D3-BF4B-00C04F79EFBC}") = "CryptoCoinTracker.Models", "CryptoCoinTracker.Models\CryptoCoinTracker.Models.csproj", "{424B0884-E712-4DBB-B023-823901B1EB82}"
EndProject
Project("{E53339B2-1760-4266-BCC7-CA923CBCF16C}") = "docker-compose", "docker-compose.dcproj", "{C152C40B-6A8E-448C-A482-262457C51E8D}"
EndProject
Global
	GlobalSection(SolutionConfigurationPlatforms) = preSolution
		Debug|Any CPU = Debug|Any CPU
		Release|Any CPU = Release|Any CPU
	EndGlobalSection
	GlobalSection(ProjectConfigurationPlatforms) = postSolution
		{4A569199-BC99-40F9-AE63-8FFBEC75FD5C}.Debug|Any CPU.ActiveCfg = Debug|Any CPU
		{4A569199-BC99-40F9-AE63-8FFBEC75FD5C}.Debug|Any CPU.Build.0 = Debug|Any CPU
		{4A569199-BC99-40F9-AE63-8FFBEC75FD5C}.Release|Any CPU.ActiveCfg = Release|Any CPU
		{4A569199-BC99-40F9-AE63-8FFBEC75FD5C}.Release|Any CPU.Build.0 = Release|Any CPU
		{570DA916-2D94-4CB7-A485-120F522A471B}.Debug|Any CPU.ActiveCfg = Debug|Any CPU
		{570DA916-2D94-4CB7-A485-120F522A471B}.Debug|Any CPU.Build.0 = Debug|Any CPU
		{570DA916-2D94-4CB7-A485-120F522A471B}.Release|Any CPU.ActiveCfg = Release|Any CPU
		{570DA916-2D94-4CB7-A485-120F522A471B}.Release|Any CPU.Build.0 = Release|Any CPU
		{424B0884-E712-4DBB-B023-823901B1EB82}.Debug|Any CPU.ActiveCfg = Debug|Any CPU
		{424B0884-E712-4DBB-B023-823901B1EB82}.Debug|Any CPU.Build.0 = Debug|Any CPU
		{424B0884-E712-4DBB-B023-823901B1EB82}.Release|Any CPU.ActiveCfg = Release|Any CPU
		{424B0884-E712-4DBB-B023-823901B1EB82}.Release|Any CPU.Build.0 = Release|Any CPU
		{C152C40B-6A8E-448C-A482-262457C51E8D}.Debug|Any CPU.ActiveCfg = Debug|Any CPU
		{C152C40B-6A8E-448C-A482-262457C51E8D}.Debug|Any CPU.Build.0 = Debug|Any CPU
		{C152C40B-6A8E-448C-A482-262457C51E8D}.Release|Any CPU.ActiveCfg = Release|Any CPU
		{C152C40B-6A8E-448C-A482-262457C51E8D}.Release|Any CPU.Build.0 = Release|Any CPU
	EndGlobalSection
	GlobalSection(SolutionProperties) = preSolution
		HideSolutionNode = FALSE
	EndGlobalSection
	GlobalSection(ExtensibilityGlobals) = postSolution
		SolutionGuid = {A7C495BA-422B-4AB7-AACF-50898B498703}
	EndGlobalSection
EndGlobal
